
Microsoft Visual Studio Solution File, Format Version 12.00
# Visual Studio Version 17
VisualStudioVersion = 17.3.32922.545
MinimumVisualStudioVersion = 10.0.40219.1
Project("{FAE04EC0-301F-11D3-BF4B-00C04F79EFBC}") = "ListaEnlazada", "ListaEnlazada\ListaEnlazada.csproj", "{C490DAA2-93DD-45FC-B0F4-453C54B04BF5}"
EndProject
Global
	GlobalSection(SolutionConfigurationPlatforms) = preSolution
		Debug|Any CPU = Debug|Any CPU
		Release|Any CPU = Release|Any CPU
	EndGlobalSection
	GlobalSection(ProjectConfigurationPlatforms) = postSolution
		{C490DAA2-93DD-45FC-B0F4-453C54B04BF5}.Debug|Any CPU.ActiveCfg = Debug|Any CPU
		{C490DAA2-93DD-45FC-B0F4-453C54B04BF5}.Debug|Any CPU.Build.0 = Debug|Any CPU
		{C490DAA2-93DD-45FC-B0F4-453C54B04BF5}.Release|Any CPU.ActiveCfg = Release|Any CPU
		{C490DAA2-93DD-45FC-B0F4-453C54B04BF5}.Release|Any CPU.Build.0 = Release|Any CPU
	EndGlobalSection
	GlobalSection(SolutionProperties) = preSolution
		HideSolutionNode = FALSE
	EndGlobalSection
	GlobalSection(ExtensibilityGlobals) = postSolution
		SolutionGuid = {E8986856-07AB-4B99-BB01-3C135EF13E86}
	EndGlobalSection
EndGlobal
